
Microsoft Visual Studio Solution File, Format Version 12.00
# Visual Studio Version 17
VisualStudioVersion = 17.2.32630.192
MinimumVisualStudioVersion = 10.0.40219.1
Project("{9A19103F-16F7-4668-BE54-9A1E7A4F7556}") = "KampIntro", "KampIntro\KampIntro.csproj", "{993AC2DE-FA52-4264-BB37-FA7B5424F7A9}"
EndProject
Project("{9A19103F-16F7-4668-BE54-9A1E7A4F7556}") = "Donguler", "Donguler\Donguler.csproj", "{B0C6D79A-EB0A-40CF-987A-A8CF52473FE1}"
EndProject
Project("{9A19103F-16F7-4668-BE54-9A1E7A4F7556}") = "ClassIntro", "ClassIntro\ClassIntro.csproj", "{833F0BA4-FEBE-45D4-8B36-D89B3F22ADF6}"
EndProject
Project("{9A19103F-16F7-4668-BE54-9A1E7A4F7556}") = "TernaryOperator", "TernaryOperator\TernaryOperator.csproj", "{62292C5C-D14F-4CBF-B8F1-BD763AD8A3F2}"
EndProject
Project("{9A19103F-16F7-4668-BE54-9A1E7A4F7556}") = "Metotlar", "Metotlar\Metotlar.csproj", "{03903937-BE7F-416E-AC5D-664DDBBB9F69}"
EndProject
Project("{9A19103F-16F7-4668-BE54-9A1E7A4F7556}") = "Matematik", "Matematik\Matematik.csproj", "{0A5D5E1A-816B-47AC-8D31-A8BCD9F06EFF}"
EndProject
Project("{9A19103F-16F7-4668-BE54-9A1E7A4F7556}") = "DegerVeReferansTipler", "DegerVeReferansTipler\DegerVeReferansTipler.csproj", "{CFEAE0C9-6287-400A-89B1-1DBBC35A34D2}"
EndProject
Project("{9A19103F-16F7-4668-BE54-9A1E7A4F7556}") = "ClassMetotDemo", "ClassMetotDemo\ClassMetotDemo.csproj", "{59961265-0F72-4E65-ACB8-34015BF8C341}"
EndProject
Project("{9A19103F-16F7-4668-BE54-9A1E7A4F7556}") = "OOP1", "OOP1\OOP1.csproj", "{7422B017-9B12-4BC6-8665-4BE82D564C8C}"
EndProject
Project("{9A19103F-16F7-4668-BE54-9A1E7A4F7556}") = "Koleksiyonlar", "Koleksiyonlar\Koleksiyonlar.csproj", "{D691A4F3-641A-4722-9580-A46FBE08B02A}"
EndProject
Project("{9A19103F-16F7-4668-BE54-9A1E7A4F7556}") = "GenericsIntro", "GenericsIntro\GenericsIntro.csproj", "{86DA8890-4440-4137-B419-B5C506B6D121}"
EndProject
Project("{9A19103F-16F7-4668-BE54-9A1E7A4F7556}") = "ReferenceTypes", "ReferenceTypes\ReferenceTypes.csproj", "{27CA3D63-046F-4067-8EF4-F7B9BE1DEE95}"
EndProject
Project("{9A19103F-16F7-4668-BE54-9A1E7A4F7556}") = "Constructors", "Constractors\Constructors.csproj", "{431F2724-4FB7-45DC-8E3C-E26F270E8603}"
EndProject
Project("{9A19103F-16F7-4668-BE54-9A1E7A4F7556}") = "Generics", "Generics\Generics.csproj", "{DE9BC884-AC0E-4444-8EFC-975E217FDDB0}"
EndProject
Project("{FAE04EC0-301F-11D3-BF4B-00C04F79EFBC}") = "OOP2", "OOP2\OOP2.csproj", "{8D274623-4461-4399-A9AF-5A781AE25EFE}"
EndProject
Project("{FAE04EC0-301F-11D3-BF4B-00C04F79EFBC}") = "OOP3", "OOP3\OOP3.csproj", "{1F5B428D-DBF1-4EB0-A2B4-1862F60B0C4A}"
EndProject
Global
	GlobalSection(SolutionConfigurationPlatforms) = preSolution
		Debug|Any CPU = Debug|Any CPU
		Release|Any CPU = Release|Any CPU
	EndGlobalSection
	GlobalSection(ProjectConfigurationPlatforms) = postSolution
		{993AC2DE-FA52-4264-BB37-FA7B5424F7A9}.Debug|Any CPU.ActiveCfg = Debug|Any CPU
		{993AC2DE-FA52-4264-BB37-FA7B5424F7A9}.Debug|Any CPU.Build.0 = Debug|Any CPU
		{993AC2DE-FA52-4264-BB37-FA7B5424F7A9}.Release|Any CPU.ActiveCfg = Release|Any CPU
		{993AC2DE-FA52-4264-BB37-FA7B5424F7A9}.Release|Any CPU.Build.0 = Release|Any CPU
		{B0C6D79A-EB0A-40CF-987A-A8CF52473FE1}.Debug|Any CPU.ActiveCfg = Debug|Any CPU
		{B0C6D79A-EB0A-40CF-987A-A8CF52473FE1}.Debug|Any CPU.Build.0 = Debug|Any CPU
		{B0C6D79A-EB0A-40CF-987A-A8CF52473FE1}.Release|Any CPU.ActiveCfg = Release|Any CPU
		{B0C6D79A-EB0A-40CF-987A-A8CF52473FE1}.Release|Any CPU.Build.0 = Release|Any CPU
		{833F0BA4-FEBE-45D4-8B36-D89B3F22ADF6}.Debug|Any CPU.ActiveCfg = Debug|Any CPU
		{833F0BA4-FEBE-45D4-8B36-D89B3F22ADF6}.Debug|Any CPU.Build.0 = Debug|Any CPU
		{833F0BA4-FEBE-45D4-8B36-D89B3F22ADF6}.Release|Any CPU.ActiveCfg = Release|Any CPU
		{833F0BA4-FEBE-45D4-8B36-D89B3F22ADF6}.Release|Any CPU.Build.0 = Release|Any CPU
		{62292C5C-D14F-4CBF-B8F1-BD763AD8A3F2}.Debug|Any CPU.ActiveCfg = Debug|Any CPU
		{62292C5C-D14F-4CBF-B8F1-BD763AD8A3F2}.Debug|Any CPU.Build.0 = Debug|Any CPU
		{62292C5C-D14F-4CBF-B8F1-BD763AD8A3F2}.Release|Any CPU.ActiveCfg = Release|Any CPU
		{62292C5C-D14F-4CBF-B8F1-BD763AD8A3F2}.Release|Any CPU.Build.0 = Release|Any CPU
		{03903937-BE7F-416E-AC5D-664DDBBB9F69}.Debug|Any CPU.ActiveCfg = Debug|Any CPU
		{03903937-BE7F-416E-AC5D-664DDBBB9F69}.Debug|Any CPU.Build.0 = Debug|Any CPU
		{03903937-BE7F-416E-AC5D-664DDBBB9F69}.Release|Any CPU.ActiveCfg = Release|Any CPU
		{03903937-BE7F-416E-AC5D-664DDBBB9F69}.Release|Any CPU.Build.0 = Release|Any CPU
		{0A5D5E1A-816B-47AC-8D31-A8BCD9F06EFF}.Debug|Any CPU.ActiveCfg = Debug|Any CPU
		{0A5D5E1A-816B-47AC-8D31-A8BCD9F06EFF}.Debug|Any CPU.Build.0 = Debug|Any CPU
		{0A5D5E1A-816B-47AC-8D31-A8BCD9F06EFF}.Release|Any CPU.ActiveCfg = Release|Any CPU
		{0A5D5E1A-816B-47AC-8D31-A8BCD9F06EFF}.Release|Any CPU.Build.0 = Release|Any CPU
		{CFEAE0C9-6287-400A-89B1-1DBBC35A34D2}.Debug|Any CPU.ActiveCfg = Debug|Any CPU
		{CFEAE0C9-6287-400A-89B1-1DBBC35A34D2}.Debug|Any CPU.Build.0 = Debug|Any CPU
		{CFEAE0C9-6287-400A-89B1-1DBBC35A34D2}.Release|Any CPU.ActiveCfg = Release|Any CPU
		{CFEAE0C9-6287-400A-89B1-1DBBC35A34D2}.Release|Any CPU.Build.0 = Release|Any CPU
		{59961265-0F72-4E65-ACB8-34015BF8C341}.Debug|Any CPU.ActiveCfg = Debug|Any CPU
		{59961265-0F72-4E65-ACB8-34015BF8C341}.Debug|Any CPU.Build.0 = Debug|Any CPU
		{59961265-0F72-4E65-ACB8-34015BF8C341}.Release|Any CPU.ActiveCfg = Release|Any CPU
		{59961265-0F72-4E65-ACB8-34015BF8C341}.Release|Any CPU.Build.0 = Release|Any CPU
		{7422B017-9B12-4BC6-8665-4BE82D564C8C}.Debug|Any CPU.ActiveCfg = Debug|Any CPU
		{7422B017-9B12-4BC6-8665-4BE82D564C8C}.Debug|Any CPU.Build.0 = Debug|Any CPU
		{7422B017-9B12-4BC6-8665-4BE82D564C8C}.Release|Any CPU.ActiveCfg = Release|Any CPU
		{7422B017-9B12-4BC6-8665-4BE82D564C8C}.Release|Any CPU.Build.0 = Release|Any CPU
		{D691A4F3-641A-4722-9580-A46FBE08B02A}.Debug|Any CPU.ActiveCfg = Debug|Any CPU
		{D691A4F3-641A-4722-9580-A46FBE08B02A}.Debug|Any CPU.Build.0 = Debug|Any CPU
		{D691A4F3-641A-4722-9580-A46FBE08B02A}.Release|Any CPU.ActiveCfg = Release|Any CPU
		{D691A4F3-641A-4722-9580-A46FBE08B02A}.Release|Any CPU.Build.0 = Release|Any CPU
		{86DA8890-4440-4137-B419-B5C506B6D121}.Debug|Any CPU.ActiveCfg = Debug|Any CPU
		{86DA8890-4440-4137-B419-B5C506B6D121}.Debug|Any CPU.Build.0 = Debug|Any CPU
		{86DA8890-4440-4137-B419-B5C506B6D121}.Release|Any CPU.ActiveCfg = Release|Any CPU
		{86DA8890-4440-4137-B419-B5C506B6D121}.Release|Any CPU.Build.0 = Release|Any CPU
		{27CA3D63-046F-4067-8EF4-F7B9BE1DEE95}.Debug|Any CPU.ActiveCfg = Debug|Any CPU
		{27CA3D63-046F-4067-8EF4-F7B9BE1DEE95}.Debug|Any CPU.Build.0 = Debug|Any CPU
		{27CA3D63-046F-4067-8EF4-F7B9BE1DEE95}.Release|Any CPU.ActiveCfg = Release|Any CPU
		{27CA3D63-046F-4067-8EF4-F7B9BE1DEE95}.Release|Any CPU.Build.0 = Release|Any CPU
		{431F2724-4FB7-45DC-8E3C-E26F270E8603}.Debug|Any CPU.ActiveCfg = Debug|Any CPU
		{431F2724-4FB7-45DC-8E3C-E26F270E8603}.Debug|Any CPU.Build.0 = Debug|Any CPU
		{431F2724-4FB7-45DC-8E3C-E26F270E8603}.Release|Any CPU.ActiveCfg = Release|Any CPU
		{431F2724-4FB7-45DC-8E3C-E26F270E8603}.Release|Any CPU.Build.0 = Release|Any CPU
		{DE9BC884-AC0E-4444-8EFC-975E217FDDB0}.Debug|Any CPU.ActiveCfg = Debug|Any CPU
		{DE9BC884-AC0E-4444-8EFC-975E217FDDB0}.Debug|Any CPU.Build.0 = Debug|Any CPU
		{DE9BC884-AC0E-4444-8EFC-975E217FDDB0}.Release|Any CPU.ActiveCfg = Release|Any CPU
		{DE9BC884-AC0E-4444-8EFC-975E217FDDB0}.Release|Any CPU.Build.0 = Release|Any CPU
		{8D274623-4461-4399-A9AF-5A781AE25EFE}.Debug|Any CPU.ActiveCfg = Debug|Any CPU
		{8D274623-4461-4399-A9AF-5A781AE25EFE}.Debug|Any CPU.Build.0 = Debug|Any CPU
		{8D274623-4461-4399-A9AF-5A781AE25EFE}.Release|Any CPU.ActiveCfg = Release|Any CPU
		{8D274623-4461-4399-A9AF-5A781AE25EFE}.Release|Any CPU.Build.0 = Release|Any CPU
		{1F5B428D-DBF1-4EB0-A2B4-1862F60B0C4A}.Debug|Any CPU.ActiveCfg = Debug|Any CPU
		{1F5B428D-DBF1-4EB0-A2B4-1862F60B0C4A}.Debug|Any CPU.Build.0 = Debug|Any CPU
		{1F5B428D-DBF1-4EB0-A2B4-1862F60B0C4A}.Release|Any CPU.ActiveCfg = Release|Any CPU
		{1F5B428D-DBF1-4EB0-A2B4-1862F60B0C4A}.Release|Any CPU.Build.0 = Release|Any CPU
	EndGlobalSection
	GlobalSection(SolutionProperties) = preSolution
		HideSolutionNode = FALSE
	EndGlobalSection
	GlobalSection(ExtensibilityGlobals) = postSolution
		SolutionGuid = {3DD84E75-F129-4B41-B6A1-EC60B0BC05C5}
	EndGlobalSection
EndGlobal
